
Microsoft Visual Studio Solution File, Format Version 12.00
# Visual Studio Version 17
VisualStudioVersion = 17.7.34221.43
MinimumVisualStudioVersion = 10.0.40219.1
Project("{888888A0-9F3D-457C-B088-3A5042F75D52}") = "licensing_project", "licensing_project.pyproj", "{B04F171D-21FC-481F-83CE-7CAEF2D550C2}"
EndProject
Global
	GlobalSection(SolutionConfigurationPlatforms) = preSolution
		Debug|Any CPU = Debug|Any CPU
		Release|Any CPU = Release|Any CPU
	EndGlobalSection
	GlobalSection(ProjectConfigurationPlatforms) = postSolution
		{B04F171D-21FC-481F-83CE-7CAEF2D550C2}.Debug|Any CPU.ActiveCfg = Debug|Any CPU
		{B04F171D-21FC-481F-83CE-7CAEF2D550C2}.Release|Any CPU.ActiveCfg = Release|Any CPU
	EndGlobalSection
	GlobalSection(SolutionProperties) = preSolution
		HideSolutionNode = FALSE
	EndGlobalSection
	GlobalSection(ExtensibilityGlobals) = postSolution
		SolutionGuid = {421B1BD1-7D3F-4B8E-949D-EE3E098B7390}
	EndGlobalSection
EndGlobal
